
Microsoft Visual Studio Solution File, Format Version 12.00
# Visual Studio Version 16
VisualStudioVersion = 16.0.31205.134
MinimumVisualStudioVersion = 10.0.40219.1
Project("{FAE04EC0-301F-11D3-BF4B-00C04F79EFBC}") = "Turnos", "Turnos.csproj", "{96436C6D-F41F-49CD-885D-91EC5DA5ADBF}"
EndProject
Global
	GlobalSection(SolutionConfigurationPlatforms) = preSolution
		Debug|Any CPU = Debug|Any CPU
		Release|Any CPU = Release|Any CPU
	EndGlobalSection
	GlobalSection(ProjectConfigurationPlatforms) = postSolution
		{96436C6D-F41F-49CD-885D-91EC5DA5ADBF}.Debug|Any CPU.ActiveCfg = Debug|Any CPU
		{96436C6D-F41F-49CD-885D-91EC5DA5ADBF}.Debug|Any CPU.Build.0 = Debug|Any CPU
		{96436C6D-F41F-49CD-885D-91EC5DA5ADBF}.Release|Any CPU.ActiveCfg = Release|Any CPU
		{96436C6D-F41F-49CD-885D-91EC5DA5ADBF}.Release|Any CPU.Build.0 = Release|Any CPU
	EndGlobalSection
	GlobalSection(SolutionProperties) = preSolution
		HideSolutionNode = FALSE
	EndGlobalSection
	GlobalSection(ExtensibilityGlobals) = postSolution
		SolutionGuid = {383BFC12-AC3E-402C-8AF0-479324AC4814}
	EndGlobalSection
EndGlobal
